
Microsoft Visual Studio Solution File, Format Version 12.00
# Visual Studio 15
VisualStudioVersion = 15.0.28307.168
MinimumVisualStudioVersion = 10.0.40219.1
Project("{FAE04EC0-301F-11D3-BF4B-00C04F79EFBC}") = "OnlineStore.Domain", "OnlineStore.Domain\OnlineStore.Domain.csproj", "{26C63205-DBFA-49DC-B698-B8EABEAA61A4}"
EndProject
Project("{FAE04EC0-301F-11D3-BF4B-00C04F79EFBC}") = "OnlineStore.WebUI", "OnlineStore.WebUI\OnlineStore.WebUI.csproj", "{88876107-47B2-43AD-86E4-4DF425DFD6B8}"
EndProject
Global
	GlobalSection(SolutionConfigurationPlatforms) = preSolution
		Debug|Any CPU = Debug|Any CPU
		Release|Any CPU = Release|Any CPU
	EndGlobalSection
	GlobalSection(ProjectConfigurationPlatforms) = postSolution
		{26C63205-DBFA-49DC-B698-B8EABEAA61A4}.Debug|Any CPU.ActiveCfg = Debug|Any CPU
		{26C63205-DBFA-49DC-B698-B8EABEAA61A4}.Debug|Any CPU.Build.0 = Debug|Any CPU
		{26C63205-DBFA-49DC-B698-B8EABEAA61A4}.Release|Any CPU.ActiveCfg = Release|Any CPU
		{26C63205-DBFA-49DC-B698-B8EABEAA61A4}.Release|Any CPU.Build.0 = Release|Any CPU
		{88876107-47B2-43AD-86E4-4DF425DFD6B8}.Debug|Any CPU.ActiveCfg = Debug|Any CPU
		{88876107-47B2-43AD-86E4-4DF425DFD6B8}.Debug|Any CPU.Build.0 = Debug|Any CPU
		{88876107-47B2-43AD-86E4-4DF425DFD6B8}.Release|Any CPU.ActiveCfg = Release|Any CPU
		{88876107-47B2-43AD-86E4-4DF425DFD6B8}.Release|Any CPU.Build.0 = Release|Any CPU
	EndGlobalSection
	GlobalSection(SolutionProperties) = preSolution
		HideSolutionNode = FALSE
	EndGlobalSection
	GlobalSection(ExtensibilityGlobals) = postSolution
		SolutionGuid = {9BE42556-05FB-4B0B-8AE7-CDBCFDCC6F47}
	EndGlobalSection
EndGlobal
